
Microsoft Visual Studio Solution File, Format Version 12.00
Project("{FAE04EC0-301F-11D3-BF4B-00C04F79EFBC}") = "demoWF1", "demoWF1\demoWF1.csproj", "{18A02DF8-734D-4BEC-97E2-857C5C1395EF}"
EndProject
Global
	GlobalSection(SolutionConfigurationPlatforms) = preSolution
		Debug|Any CPU = Debug|Any CPU
		Release|Any CPU = Release|Any CPU
	EndGlobalSection
	GlobalSection(ProjectConfigurationPlatforms) = postSolution
		{18A02DF8-734D-4BEC-97E2-857C5C1395EF}.Debug|Any CPU.ActiveCfg = Debug|Any CPU
		{18A02DF8-734D-4BEC-97E2-857C5C1395EF}.Debug|Any CPU.Build.0 = Debug|Any CPU
		{18A02DF8-734D-4BEC-97E2-857C5C1395EF}.Release|Any CPU.ActiveCfg = Release|Any CPU
		{18A02DF8-734D-4BEC-97E2-857C5C1395EF}.Release|Any CPU.Build.0 = Release|Any CPU
	EndGlobalSection
EndGlobal
