
Microsoft Visual Studio Solution File, Format Version 12.00
Project("{FAE04EC0-301F-11D3-BF4B-00C04F79EFBC}") = "demoCRUDCategory", "demoCRUDCategory\demoCRUDCategory.csproj", "{3D27FF2D-F7AF-475B-93FA-402BEDA5B6CE}"
EndProject
Global
	GlobalSection(SolutionConfigurationPlatforms) = preSolution
		Debug|Any CPU = Debug|Any CPU
		Release|Any CPU = Release|Any CPU
	EndGlobalSection
	GlobalSection(ProjectConfigurationPlatforms) = postSolution
		{3D27FF2D-F7AF-475B-93FA-402BEDA5B6CE}.Debug|Any CPU.ActiveCfg = Debug|Any CPU
		{3D27FF2D-F7AF-475B-93FA-402BEDA5B6CE}.Debug|Any CPU.Build.0 = Debug|Any CPU
		{3D27FF2D-F7AF-475B-93FA-402BEDA5B6CE}.Release|Any CPU.ActiveCfg = Release|Any CPU
		{3D27FF2D-F7AF-475B-93FA-402BEDA5B6CE}.Release|Any CPU.Build.0 = Release|Any CPU
	EndGlobalSection
EndGlobal
